
Microsoft Visual Studio Solution File, Format Version 12.00
# Visual Studio 15
VisualStudioVersion = 15.0.28307.271
MinimumVisualStudioVersion = 10.0.40219.1
Project("{E24C65DC-7377-472B-9ABA-BC803B73C61A}") = "Official", "..\..\..\Downloads\New folder\Project_Feedback\Official\", "{2F05546F-F325-4F6D-A407-37A3D41F3632}"
	ProjectSection(WebsiteProperties) = preProject
		TargetFrameworkMoniker = ".NETFramework,Version%3Dv4.6.1"
		ProjectReferences = "{8403c9b4-6355-47ce-9a71-3bbb8172f81f}|WebService2.dll;"
		Debug.AspNetCompiler.VirtualPath = "/localhost_62835"
		Debug.AspNetCompiler.PhysicalPath = "..\..\..\Downloads\New folder\Project_Feedback\Official\"
		Debug.AspNetCompiler.TargetPath = "PrecompiledWeb\localhost_62835\"
		Debug.AspNetCompiler.Updateable = "true"
		Debug.AspNetCompiler.ForceOverwrite = "true"
		Debug.AspNetCompiler.FixedNames = "false"
		Debug.AspNetCompiler.Debug = "True"
		Release.AspNetCompiler.VirtualPath = "/localhost_62835"
		Release.AspNetCompiler.PhysicalPath = "..\..\..\Downloads\New folder\Project_Feedback\Official\"
		Release.AspNetCompiler.TargetPath = "PrecompiledWeb\localhost_62835\"
		Release.AspNetCompiler.Updateable = "true"
		Release.AspNetCompiler.ForceOverwrite = "true"
		Release.AspNetCompiler.FixedNames = "false"
		Release.AspNetCompiler.Debug = "False"
		VWDPort = "62835"
		SlnRelativePath = "..\..\..\Downloads\New folder\Project_Feedback\Official\"
	EndProjectSection
EndProject
Project("{9A19103F-16F7-4668-BE54-9A1E7A4F7556}") = "WebService2", "WebService2\WebService2.csproj", "{8403C9B4-6355-47CE-9A71-3BBB8172F81F}"
EndProject
Global
	GlobalSection(SolutionConfigurationPlatforms) = preSolution
		Debug|Any CPU = Debug|Any CPU
		Release|Any CPU = Release|Any CPU
	EndGlobalSection
	GlobalSection(ProjectConfigurationPlatforms) = postSolution
		{2F05546F-F325-4F6D-A407-37A3D41F3632}.Debug|Any CPU.ActiveCfg = Debug|Any CPU
		{2F05546F-F325-4F6D-A407-37A3D41F3632}.Debug|Any CPU.Build.0 = Debug|Any CPU
		{2F05546F-F325-4F6D-A407-37A3D41F3632}.Release|Any CPU.ActiveCfg = Debug|Any CPU
		{2F05546F-F325-4F6D-A407-37A3D41F3632}.Release|Any CPU.Build.0 = Debug|Any CPU
		{8403C9B4-6355-47CE-9A71-3BBB8172F81F}.Debug|Any CPU.ActiveCfg = Debug|Any CPU
		{8403C9B4-6355-47CE-9A71-3BBB8172F81F}.Debug|Any CPU.Build.0 = Debug|Any CPU
		{8403C9B4-6355-47CE-9A71-3BBB8172F81F}.Release|Any CPU.ActiveCfg = Release|Any CPU
		{8403C9B4-6355-47CE-9A71-3BBB8172F81F}.Release|Any CPU.Build.0 = Release|Any CPU
	EndGlobalSection
	GlobalSection(SolutionProperties) = preSolution
		HideSolutionNode = FALSE
	EndGlobalSection
	GlobalSection(ExtensibilityGlobals) = postSolution
		SolutionGuid = {776B922C-4451-4CCB-8F69-AFAE17E41FF4}
	EndGlobalSection
EndGlobal
