
Microsoft Visual Studio Solution File, Format Version 12.00
# Visual Studio 15
VisualStudioVersion = 15.0.28307.271
MinimumVisualStudioVersion = 10.0.40219.1
Project("{E24C65DC-7377-472B-9ABA-BC803B73C61A}") = "Official", "..\..\..\Downloads\New folder\Project_Feedback\Official\", "{2F05546F-F325-4F6D-A407-37A3D41F3632}"
	ProjectSection(WebsiteProperties) = preProject
		TargetFrameworkMoniker = ".NETFramework,Version%3Dv4.6.1"
		Debug.AspNetCompiler.VirtualPath = "/localhost_62835"
		Debug.AspNetCompiler.PhysicalPath = "..\..\..\Downloads\New folder\Project_Feedback\Official\"
		Debug.AspNetCompiler.TargetPath = "PrecompiledWeb\localhost_62835\"
		Debug.AspNetCompiler.Updateable = "true"
		Debug.AspNetCompiler.ForceOverwrite = "true"
		Debug.AspNetCompiler.FixedNames = "false"
		Debug.AspNetCompiler.Debug = "True"
		Release.AspNetCompiler.VirtualPath = "/localhost_62835"
		Release.AspNetCompiler.PhysicalPath = "..\..\..\Downloads\New folder\Project_Feedback\Official\"
		Release.AspNetCompiler.TargetPath = "PrecompiledWeb\localhost_62835\"
		Release.AspNetCompiler.Updateable = "true"
		Release.AspNetCompiler.ForceOverwrite = "true"
		Release.AspNetCompiler.FixedNames = "false"
		Release.AspNetCompiler.Debug = "False"
		VWDPort = "62835"
		SlnRelativePath = "..\..\..\Downloads\New folder\Project_Feedback\Official\"
	EndProjectSection
EndProject
Project("{FAE04EC0-301F-11D3-BF4B-00C04F79EFBC}") = "WebService1", "WebService1\WebService1.csproj", "{3DDDA08D-7B11-4C90-A7E9-4A9732CECF25}"
EndProject
Global
	GlobalSection(SolutionConfigurationPlatforms) = preSolution
		Debug|Any CPU = Debug|Any CPU
		Release|Any CPU = Release|Any CPU
	EndGlobalSection
	GlobalSection(ProjectConfigurationPlatforms) = postSolution
		{2F05546F-F325-4F6D-A407-37A3D41F3632}.Debug|Any CPU.ActiveCfg = Debug|Any CPU
		{2F05546F-F325-4F6D-A407-37A3D41F3632}.Debug|Any CPU.Build.0 = Debug|Any CPU
		{2F05546F-F325-4F6D-A407-37A3D41F3632}.Release|Any CPU.ActiveCfg = Debug|Any CPU
		{2F05546F-F325-4F6D-A407-37A3D41F3632}.Release|Any CPU.Build.0 = Debug|Any CPU
		{3DDDA08D-7B11-4C90-A7E9-4A9732CECF25}.Debug|Any CPU.ActiveCfg = Debug|Any CPU
		{3DDDA08D-7B11-4C90-A7E9-4A9732CECF25}.Debug|Any CPU.Build.0 = Debug|Any CPU
		{3DDDA08D-7B11-4C90-A7E9-4A9732CECF25}.Release|Any CPU.ActiveCfg = Release|Any CPU
		{3DDDA08D-7B11-4C90-A7E9-4A9732CECF25}.Release|Any CPU.Build.0 = Release|Any CPU
	EndGlobalSection
	GlobalSection(SolutionProperties) = preSolution
		HideSolutionNode = FALSE
	EndGlobalSection
	GlobalSection(ExtensibilityGlobals) = postSolution
		SolutionGuid = {776B922C-4451-4CCB-8F69-AFAE17E41FF4}
	EndGlobalSection
EndGlobal
